
Microsoft Visual Studio Solution File, Format Version 12.00
# Visual Studio Version 16
VisualStudioVersion = 16.0.30114.105
MinimumVisualStudioVersion = 10.0.40219.1
Project("{FAE04EC0-301F-11D3-BF4B-00C04F79EFBC}") = "midterm_2020", "midterm_2020.csproj", "{A9625144-F555-48B9-88DD-8401139EB7C3}"
EndProject
Global
	GlobalSection(SolutionConfigurationPlatforms) = preSolution
		Debug|Any CPU = Debug|Any CPU
		Release|Any CPU = Release|Any CPU
	EndGlobalSection
	GlobalSection(ProjectConfigurationPlatforms) = postSolution
		{A9625144-F555-48B9-88DD-8401139EB7C3}.Debug|Any CPU.ActiveCfg = Debug|Any CPU
		{A9625144-F555-48B9-88DD-8401139EB7C3}.Debug|Any CPU.Build.0 = Debug|Any CPU
		{A9625144-F555-48B9-88DD-8401139EB7C3}.Release|Any CPU.ActiveCfg = Release|Any CPU
		{A9625144-F555-48B9-88DD-8401139EB7C3}.Release|Any CPU.Build.0 = Release|Any CPU
	EndGlobalSection
	GlobalSection(SolutionProperties) = preSolution
		HideSolutionNode = FALSE
	EndGlobalSection
	GlobalSection(ExtensibilityGlobals) = postSolution
		SolutionGuid = {0F3B7869-B578-49FC-BBFD-1EB9AF8D6657}
	EndGlobalSection
EndGlobal
